{
  "lockfileVersion": 1,
  "configVersion": 1,
  "workspaces": {
    "": {
      "name": "heimdall",
      "dependencies": {
        "marked": "^18.0.1",
      },
    },
  },
  "packages": {
    "marked": ["marked@18.0.1", "", { "bin": { "marked": "bin/marked.js" } }, "sha512-IILJE4Aap/KIGu4ZRCzQcYMxkhumblXnbqfQe+HAD4f982wrRAsJEGKGM653yAioS6g3Yq3yOhjrUebcrtOgRA=="],
  }
}
